
Microsoft Visual Studio Solution File, Format Version 12.00
# Visual Studio 15
VisualStudioVersion = 15.0.28307.572
MinimumVisualStudioVersion = 10.0.40219.1
Project("{FAE04EC0-301F-11D3-BF4B-00C04F79EFBC}") = "VolumeMixerApp", "VolumeMixerApp\VolumeMixerApp.csproj", "{7EC54FBA-1055-4179-8BB4-3676FFAF74FD}"
EndProject
Global
	GlobalSection(SolutionConfigurationPlatforms) = preSolution
		Debug|Any CPU = Debug|Any CPU
		Release|Any CPU = Release|Any CPU
	EndGlobalSection
	GlobalSection(ProjectConfigurationPlatforms) = postSolution
		{7EC54FBA-1055-4179-8BB4-3676FFAF74FD}.Debug|Any CPU.ActiveCfg = Debug|Any CPU
		{7EC54FBA-1055-4179-8BB4-3676FFAF74FD}.Debug|Any CPU.Build.0 = Debug|Any CPU
		{7EC54FBA-1055-4179-8BB4-3676FFAF74FD}.Release|Any CPU.ActiveCfg = Release|Any CPU
		{7EC54FBA-1055-4179-8BB4-3676FFAF74FD}.Release|Any CPU.Build.0 = Release|Any CPU
	EndGlobalSection
	GlobalSection(SolutionProperties) = preSolution
		HideSolutionNode = FALSE
	EndGlobalSection
	GlobalSection(ExtensibilityGlobals) = postSolution
		SolutionGuid = {AA7E2D6C-43D8-4E91-9E0A-3E5BBC039D05}
	EndGlobalSection
EndGlobal
